
Microsoft Visual Studio Solution File, Format Version 12.00
# Visual Studio Version 17
VisualStudioVersion = 17.9.34723.18
MinimumVisualStudioVersion = 10.0.40219.1
Project("{FAE04EC0-301F-11D3-BF4B-00C04F79EFBC}") = "UsrsMVCApp", "UsrsMVCApp\UsrsMVCApp.csproj", "{BC00217B-F232-42BB-B7F3-797524AEACF6}"
EndProject
Global
	GlobalSection(SolutionConfigurationPlatforms) = preSolution
		Debug|Any CPU = Debug|Any CPU
		Release|Any CPU = Release|Any CPU
	EndGlobalSection
	GlobalSection(ProjectConfigurationPlatforms) = postSolution
		{BC00217B-F232-42BB-B7F3-797524AEACF6}.Debug|Any CPU.ActiveCfg = Debug|Any CPU
		{BC00217B-F232-42BB-B7F3-797524AEACF6}.Debug|Any CPU.Build.0 = Debug|Any CPU
		{BC00217B-F232-42BB-B7F3-797524AEACF6}.Release|Any CPU.ActiveCfg = Release|Any CPU
		{BC00217B-F232-42BB-B7F3-797524AEACF6}.Release|Any CPU.Build.0 = Release|Any CPU
	EndGlobalSection
	GlobalSection(SolutionProperties) = preSolution
		HideSolutionNode = FALSE
	EndGlobalSection
	GlobalSection(ExtensibilityGlobals) = postSolution
		SolutionGuid = {A0732D28-EE69-4F9E-8C0F-FE63D732BBF5}
	EndGlobalSection
EndGlobal
